
Microsoft Visual Studio Solution File, Format Version 12.00
# Visual Studio 2012
Project("{FAE04EC0-301F-11D3-BF4B-00C04F79EFBC}") = "iOSActionTable", "iOSActionTable\iOSActionTable.csproj", "{C9FCE611-809A-4542-8E1C-6194A93F7EE4}"
EndProject
Global
	GlobalSection(SolutionConfigurationPlatforms) = preSolution
		Debug|iPhoneSimulator = Debug|iPhoneSimulator
		Release|iPhone = Release|iPhone
		Release|iPhoneSimulator = Release|iPhoneSimulator
		Debug|iPhone = Debug|iPhone
	EndGlobalSection
	GlobalSection(ProjectConfigurationPlatforms) = postSolution
		{C9FCE611-809A-4542-8E1C-6194A93F7EE4}.Debug|iPhoneSimulator.ActiveCfg = Debug|iPhoneSimulator
		{C9FCE611-809A-4542-8E1C-6194A93F7EE4}.Debug|iPhoneSimulator.Build.0 = Debug|iPhoneSimulator
		{C9FCE611-809A-4542-8E1C-6194A93F7EE4}.Release|iPhone.ActiveCfg = Release|iPhone
		{C9FCE611-809A-4542-8E1C-6194A93F7EE4}.Release|iPhone.Build.0 = Release|iPhone
		{C9FCE611-809A-4542-8E1C-6194A93F7EE4}.Release|iPhoneSimulator.ActiveCfg = Release|iPhoneSimulator
		{C9FCE611-809A-4542-8E1C-6194A93F7EE4}.Release|iPhoneSimulator.Build.0 = Release|iPhoneSimulator
		{C9FCE611-809A-4542-8E1C-6194A93F7EE4}.Debug|iPhone.ActiveCfg = Debug|iPhone
		{C9FCE611-809A-4542-8E1C-6194A93F7EE4}.Debug|iPhone.Build.0 = Debug|iPhone
	EndGlobalSection
EndGlobal
